schema: '2.0'
stages:
  prepare:
    cmd: python src/prepare.py
    deps:
    - path: src/prepare.py
      hash: md5
      md5: d3abd1b9dd6c99db1ef571db65caf7d2
      size: 464
    outs:
    - path: data/raw
      hash: md5
      md5: ef4a9fac2897e2992768d71dd539610a.dir
      size: 30869925
      nfiles: 1
  preprocess:
    cmd: python src/preprocess.py
    deps:
    - path: data/raw
      hash: md5
      md5: ef4a9fac2897e2992768d71dd539610a.dir
      size: 30869925
      nfiles: 1
    - path: src/preprocess.py
      hash: md5
      md5: 67b304f11002031f9e7b6ff2dfbe393e
      size: 1359
    params:
      params.yaml:
        preprocess.norm: standard
        preprocess.seed: 42
        preprocess.val_size: 0.1
    outs:
    - path: data/processed
      hash: md5
      md5: 44be2fb47894e8200a2d0d687964b895.dir
      size: 52072006
      nfiles: 1
  train:
    cmd: python src/train.py
    deps:
    - path: data/processed
      hash: md5
      md5: 44be2fb47894e8200a2d0d687964b895.dir
      size: 52072006
      nfiles: 1
    - path: src/train.py
      hash: md5
      md5: 0b896125d47549bf47a1c082809f8d78
      size: 1170
    params:
      params.yaml:
        train.batch_size: 64
        train.dense_units: 256
        train.dropout_rate: 0.2
        train.epochs: 10
        train.learning_rate: 0.001
        train.seed: 42
    outs:
    - path: models
      hash: md5
      md5: fc2788ff48e25c19a54f0614de8ff137.dir
      size: 2467711
      nfiles: 2
  evaluate:
    cmd: python src/evaluate.py
    deps:
    - path: data/processed
      hash: md5
      md5: 44be2fb47894e8200a2d0d687964b895.dir
      size: 52072006
      nfiles: 1
    - path: models
      hash: md5
      md5: fc2788ff48e25c19a54f0614de8ff137.dir
      size: 2467711
      nfiles: 2
    - path: src/evaluate.py
      hash: md5
      md5: ffa9583735fb16806b6dc9cf91939b8a
      size: 1087
    outs:
    - path: confusion_matrix.png
      hash: md5
      md5: ea68d4a873a48dfa4c4cb5d165a9b8c1
      size: 57876
    - path: metrics.json
      hash: md5
      md5: 3c260057929a4fa744a0db389d4edb1b
      size: 55
